
Microsoft Visual Studio Solution File, Format Version 12.00
# Visual Studio 15
VisualStudioVersion = 15.0.28307.421
MinimumVisualStudioVersion = 10.0.40219.1
Project("{9A19103F-16F7-4668-BE54-9A1E7A4F7556}") = "HighScores", "HighScores.csproj", "{AA92D60B-55C8-44B3-8165-7259A9588A39}"
EndProject
Global
	GlobalSection(SolutionConfigurationPlatforms) = preSolution
		Debug|Any CPU = Debug|Any CPU
		Release|Any CPU = Release|Any CPU
	EndGlobalSection
	GlobalSection(ProjectConfigurationPlatforms) = postSolution
		{AA92D60B-55C8-44B3-8165-7259A9588A39}.Debug|Any CPU.ActiveCfg = Debug|Any CPU
		{AA92D60B-55C8-44B3-8165-7259A9588A39}.Debug|Any CPU.Build.0 = Debug|Any CPU
		{AA92D60B-55C8-44B3-8165-7259A9588A39}.Release|Any CPU.ActiveCfg = Release|Any CPU
		{AA92D60B-55C8-44B3-8165-7259A9588A39}.Release|Any CPU.Build.0 = Release|Any CPU
	EndGlobalSection
	GlobalSection(SolutionProperties) = preSolution
		HideSolutionNode = FALSE
	EndGlobalSection
	GlobalSection(ExtensibilityGlobals) = postSolution
		SolutionGuid = {6954980B-B5A6-44F7-8A0C-F25DFD37E7E0}
	EndGlobalSection
EndGlobal
