
Microsoft Visual Studio Solution File, Format Version 12.00
# Visual Studio 15
VisualStudioVersion = 15.0.28010.0
MinimumVisualStudioVersion = 10.0.40219.1
Project("{9A19103F-16F7-4668-BE54-9A1E7A4F7556}") = "Pangram", "Pangram.csproj", "{EB53E8F8-D6AE-4678-B489-FDC7EB1C822C}"
EndProject
Global
	GlobalSection(SolutionConfigurationPlatforms) = preSolution
		Debug|Any CPU = Debug|Any CPU
		Release|Any CPU = Release|Any CPU
	EndGlobalSection
	GlobalSection(ProjectConfigurationPlatforms) = postSolution
		{EB53E8F8-D6AE-4678-B489-FDC7EB1C822C}.Debug|Any CPU.ActiveCfg = Debug|Any CPU
		{EB53E8F8-D6AE-4678-B489-FDC7EB1C822C}.Debug|Any CPU.Build.0 = Debug|Any CPU
		{EB53E8F8-D6AE-4678-B489-FDC7EB1C822C}.Release|Any CPU.ActiveCfg = Release|Any CPU
		{EB53E8F8-D6AE-4678-B489-FDC7EB1C822C}.Release|Any CPU.Build.0 = Release|Any CPU
	EndGlobalSection
	GlobalSection(SolutionProperties) = preSolution
		HideSolutionNode = FALSE
	EndGlobalSection
	GlobalSection(ExtensibilityGlobals) = postSolution
		SolutionGuid = {7488257E-212B-4196-AE7F-90008E1683E8}
	EndGlobalSection
EndGlobal
