
Microsoft Visual Studio Solution File, Format Version 12.00
# Visual Studio 15
VisualStudioVersion = 15.0.28010.0
MinimumVisualStudioVersion = 10.0.40219.1
Project("{9A19103F-16F7-4668-BE54-9A1E7A4F7556}") = "PerfectNumbers", "PerfectNumbers.csproj", "{D08161D8-159B-4881-96B9-0139D6F4C842}"
EndProject
Global
	GlobalSection(SolutionConfigurationPlatforms) = preSolution
		Debug|Any CPU = Debug|Any CPU
		Release|Any CPU = Release|Any CPU
	EndGlobalSection
	GlobalSection(ProjectConfigurationPlatforms) = postSolution
		{D08161D8-159B-4881-96B9-0139D6F4C842}.Debug|Any CPU.ActiveCfg = Debug|Any CPU
		{D08161D8-159B-4881-96B9-0139D6F4C842}.Debug|Any CPU.Build.0 = Debug|Any CPU
		{D08161D8-159B-4881-96B9-0139D6F4C842}.Release|Any CPU.ActiveCfg = Release|Any CPU
		{D08161D8-159B-4881-96B9-0139D6F4C842}.Release|Any CPU.Build.0 = Release|Any CPU
	EndGlobalSection
	GlobalSection(SolutionProperties) = preSolution
		HideSolutionNode = FALSE
	EndGlobalSection
	GlobalSection(ExtensibilityGlobals) = postSolution
		SolutionGuid = {BB533ED7-E63D-494F-AD52-1D506D264E93}
	EndGlobalSection
EndGlobal
