
Microsoft Visual Studio Solution File, Format Version 12.00
# Visual Studio 15
VisualStudioVersion = 15.0.28010.0
MinimumVisualStudioVersion = 10.0.40219.1
Project("{9A19103F-16F7-4668-BE54-9A1E7A4F7556}") = "TwoFer", "TwoFer.csproj", "{D0C030E8-A068-421E-B813-60E91E581A26}"
EndProject
Global
	GlobalSection(SolutionConfigurationPlatforms) = preSolution
		Debug|Any CPU = Debug|Any CPU
		Release|Any CPU = Release|Any CPU
	EndGlobalSection
	GlobalSection(ProjectConfigurationPlatforms) = postSolution
		{D0C030E8-A068-421E-B813-60E91E581A26}.Debug|Any CPU.ActiveCfg = Debug|Any CPU
		{D0C030E8-A068-421E-B813-60E91E581A26}.Debug|Any CPU.Build.0 = Debug|Any CPU
		{D0C030E8-A068-421E-B813-60E91E581A26}.Release|Any CPU.ActiveCfg = Release|Any CPU
		{D0C030E8-A068-421E-B813-60E91E581A26}.Release|Any CPU.Build.0 = Release|Any CPU
	EndGlobalSection
	GlobalSection(SolutionProperties) = preSolution
		HideSolutionNode = FALSE
	EndGlobalSection
	GlobalSection(ExtensibilityGlobals) = postSolution
		SolutionGuid = {696AD6F3-FD57-4BE5-ABF9-9570D6447848}
	EndGlobalSection
EndGlobal
