
Microsoft Visual Studio Solution File, Format Version 12.00
# Visual Studio 15
VisualStudioVersion = 15.0.28010.0
MinimumVisualStudioVersion = 10.0.40219.1
Project("{9A19103F-16F7-4668-BE54-9A1E7A4F7556}") = "SumOfMultiples", "SumOfMultiples.csproj", "{BDB523E0-09F3-434F-9D59-A0A5BF026A56}"
EndProject
Global
	GlobalSection(SolutionConfigurationPlatforms) = preSolution
		Debug|Any CPU = Debug|Any CPU
		Release|Any CPU = Release|Any CPU
	EndGlobalSection
	GlobalSection(ProjectConfigurationPlatforms) = postSolution
		{BDB523E0-09F3-434F-9D59-A0A5BF026A56}.Debug|Any CPU.ActiveCfg = Debug|Any CPU
		{BDB523E0-09F3-434F-9D59-A0A5BF026A56}.Debug|Any CPU.Build.0 = Debug|Any CPU
		{BDB523E0-09F3-434F-9D59-A0A5BF026A56}.Release|Any CPU.ActiveCfg = Release|Any CPU
		{BDB523E0-09F3-434F-9D59-A0A5BF026A56}.Release|Any CPU.Build.0 = Release|Any CPU
	EndGlobalSection
	GlobalSection(SolutionProperties) = preSolution
		HideSolutionNode = FALSE
	EndGlobalSection
	GlobalSection(ExtensibilityGlobals) = postSolution
		SolutionGuid = {1B959BE9-DCA7-4162-8690-F475920111A8}
	EndGlobalSection
EndGlobal
