
Microsoft Visual Studio Solution File, Format Version 12.00
# Visual Studio 15
VisualStudioVersion = 15.0.28010.0
MinimumVisualStudioVersion = 10.0.40219.1
Project("{9A19103F-16F7-4668-BE54-9A1E7A4F7556}") = "ArmstrongNumbers", "ArmstrongNumbers.csproj", "{61833E5E-4CFB-4D55-9B08-5DC4C73F9E62}"
EndProject
Global
	GlobalSection(SolutionConfigurationPlatforms) = preSolution
		Debug|Any CPU = Debug|Any CPU
		Release|Any CPU = Release|Any CPU
	EndGlobalSection
	GlobalSection(ProjectConfigurationPlatforms) = postSolution
		{61833E5E-4CFB-4D55-9B08-5DC4C73F9E62}.Debug|Any CPU.ActiveCfg = Debug|Any CPU
		{61833E5E-4CFB-4D55-9B08-5DC4C73F9E62}.Debug|Any CPU.Build.0 = Debug|Any CPU
		{61833E5E-4CFB-4D55-9B08-5DC4C73F9E62}.Release|Any CPU.ActiveCfg = Release|Any CPU
		{61833E5E-4CFB-4D55-9B08-5DC4C73F9E62}.Release|Any CPU.Build.0 = Release|Any CPU
	EndGlobalSection
	GlobalSection(SolutionProperties) = preSolution
		HideSolutionNode = FALSE
	EndGlobalSection
	GlobalSection(ExtensibilityGlobals) = postSolution
		SolutionGuid = {6D38C74E-F613-4E67-B4B8-A353BADA6719}
	EndGlobalSection
EndGlobal
